
Microsoft Visual Studio Solution File, Format Version 12.00
# Visual Studio 15
VisualStudioVersion = 15.0.26430.4
MinimumVisualStudioVersion = 10.0.40219.1
Project("{2150E333-8FDC-42A3-9474-1A3956D46DE8}") = "Tests", "Tests", "{99657337-0EDE-4049-B666-2D0A679E1FE2}"
EndProject
Project("{2150E333-8FDC-42A3-9474-1A3956D46DE8}") = "Git", "Git", "{DAC43875-7B0B-4536-8FF7-D643C6562B7A}"
EndProject
Project("{FAE04EC0-301F-11D3-BF4B-00C04F79EFBC}") = "Carbon.Hosting.IIS", "Carbon.Hosting.IIS\Carbon.Hosting.IIS.csproj", "{5B83C75D-FBC9-4883-9534-CC99AE2130A3}"
EndProject
Project("{9A19103F-16F7-4668-BE54-9A1E7A4F7556}") = "Carbon.Platform", "Carbon.Platform\Carbon.Platform.csproj", "{2366C4FC-2B6F-4E83-B0A5-3B165353FA80}"
EndProject
Project("{9A19103F-16F7-4668-BE54-9A1E7A4F7556}") = "Carbon.Packaging.Tests", "Carbon.Packaging.Tests\Carbon.Packaging.Tests.csproj", "{622B7F30-EA1D-449F-B868-31EC3F7609DC}"
EndProject
Project("{9A19103F-16F7-4668-BE54-9A1E7A4F7556}") = "Carbon.Hosting", "Carbon.Hosting\Carbon.Hosting.csproj", "{DE758587-8A23-47B8-B3E5-7852BADC3FAF}"
EndProject
Project("{9A19103F-16F7-4668-BE54-9A1E7A4F7556}") = "Carbon.Platform.Services", "Carbon.Platform.Services\Carbon.Platform.Services.csproj", "{79F64862-6741-42CF-9622-238784E1C67C}"
EndProject
Project("{9A19103F-16F7-4668-BE54-9A1E7A4F7556}") = "Carbon.Platform.Tests", "Carbon.Platform.Tests\Carbon.Platform.Tests.csproj", "{055D15B9-39B0-43C3-B4F0-9B7B52DD754A}"
EndProject
Project("{9A19103F-16F7-4668-BE54-9A1E7A4F7556}") = "Carbon.Building", "Carbon.Building\Carbon.Building.csproj", "{269A6B8A-FA9A-45E2-8C18-D7146204E5F3}"
EndProject
Project("{9A19103F-16F7-4668-BE54-9A1E7A4F7556}") = "Carbon.Building.Web", "Carbon.Building.Web\Carbon.Building.Web.csproj", "{72B7B485-B88C-4C00-B882-CB9CFCA9FB58}"
EndProject
Project("{9A19103F-16F7-4668-BE54-9A1E7A4F7556}") = "GitHub", "GitHub\GitHub.csproj", "{7ACCF84D-00F6-45F2-BF39-862B733D8D04}"
EndProject
Project("{9A19103F-16F7-4668-BE54-9A1E7A4F7556}") = "Bitbucket", "Bitbucket\Bitbucket.csproj", "{535A6E9E-F824-4EDF-BD46-F3658A7EAD7C}"
EndProject
Project("{9A19103F-16F7-4668-BE54-9A1E7A4F7556}") = "Carbon.Packaging", "Carbon.Packaging\Carbon.Packaging.csproj", "{0E5732C5-7D9C-4639-8E4C-CFF9219FB1DA}"
EndProject
Project("{9A19103F-16F7-4668-BE54-9A1E7A4F7556}") = "Carbon.Platform.Client", "Carbon.Platform.Client\Carbon.Platform.Client.csproj", "{A20E4CD7-F98F-4E70-AE47-E987EC2A9ACE}"
EndProject
Project("{FAE04EC0-301F-11D3-BF4B-00C04F79EFBC}") = "Carbon.Platform.Client.Tests", "Carbon.Platform.Client.Tests\Carbon.Platform.Client.Tests.csproj", "{DE112AF7-08D3-496D-9608-A4F2FB8E3983}"
EndProject
Project("{9A19103F-16F7-4668-BE54-9A1E7A4F7556}") = "Carbon.Platform.Monitoring", "Carbon.Platform.Monitoring\Carbon.Platform.Monitoring.csproj", "{3606FD9A-04B0-4F5B-8B4D-403E14A02356}"
EndProject
Project("{FAE04EC0-301F-11D3-BF4B-00C04F79EFBC}") = "Carbon.Platform.Abstractions", "Carbon.Platform.Abstractions\Carbon.Platform.Abstractions.csproj", "{1305246B-0D96-4D49-8399-F227C283E593}"
EndProject
Project("{FAE04EC0-301F-11D3-BF4B-00C04F79EFBC}") = "Carbon.Platform.Services.Test", "Carbon.Platform.Services.Test\Carbon.Platform.Services.Test.csproj", "{3459D378-5CC9-4D4B-98F5-32D9AB939F0E}"
EndProject
Project("{FAE04EC0-301F-11D3-BF4B-00C04F79EFBC}") = "Carbon.Platform.Metrics", "Carbon.Platform.Metrics\Carbon.Platform.Metrics.csproj", "{22CF8859-D806-48DD-862A-0341B9E867A1}"
EndProject
Project("{FAE04EC0-301F-11D3-BF4B-00C04F79EFBC}") = "Carbon.Platform.Metrics.Tests", "Carbon.Platform.Metrics.Tests\Carbon.Platform.Metrics.Tests.csproj", "{805714AC-EF16-4457-8742-5BDD95F13AA6}"
EndProject
Project("{FAE04EC0-301F-11D3-BF4B-00C04F79EFBC}") = "Carbon.Platform.Diagnostics", "Carbon.Platform.Diagnostics\Carbon.Platform.Diagnostics.csproj", "{8FB4E649-F1EF-4D05-8A84-47768EB5CBF1}"
EndProject
Project("{9A19103F-16F7-4668-BE54-9A1E7A4F7556}") = "Carbon.VersionControl", "Carbon.VersionControl\Carbon.VersionControl.csproj", "{D4AE69C8-63BD-4428-B82E-C1E56AB40395}"
EndProject
Project("{FAE04EC0-301F-11D3-BF4B-00C04F79EFBC}") = "Bitbucket.Tests", "Bitbucket.Tests\Bitbucket.Tests.csproj", "{2D3871A0-AB98-41C8-88FF-7CC52E9A15B6}"
EndProject
Project("{9A19103F-16F7-4668-BE54-9A1E7A4F7556}") = "Carbon.Platform.Web.Tests", "Carbon.Platform.Web.Tests\Carbon.Platform.Web.Tests.csproj", "{7C1E1A92-E8A4-4C61-B67C-B9D8679A39E1}"
EndProject
Project("{9A19103F-16F7-4668-BE54-9A1E7A4F7556}") = "Carbon.Platform.Web", "Carbon.Platform.Web\Carbon.Platform.Web.csproj", "{7207F3CE-8D2C-438C-8383-32BAA80AC67C}"
EndProject
Project("{9A19103F-16F7-4668-BE54-9A1E7A4F7556}") = "Carbon.Platform.CI", "Carbon.Platform.CI\Carbon.Platform.CI.csproj", "{D596152A-8D53-4B18-A21E-F8A5DC35AF1A}"
EndProject
Project("{FAE04EC0-301F-11D3-BF4B-00C04F79EFBC}") = "Carbon.Platform.Storage", "Carbon.Platform.Data\Carbon.Platform.Storage.csproj", "{107480D6-23B1-4B2B-B615-10B3A4271EB7}"
EndProject
Project("{FAE04EC0-301F-11D3-BF4B-00C04F79EFBC}") = "Carbon.Platform.Networking", "Carbon.Platform.Networking\Carbon.Platform.Networking.csproj", "{BF8C82B7-E2B7-445D-9FE3-CB19FE13B0EC}"
EndProject
Project("{9A19103F-16F7-4668-BE54-9A1E7A4F7556}") = "Carbon.Platform.Management", "Carbon.Platform.Management\Carbon.Platform.Management.csproj", "{8225C494-F88D-424D-B4B0-14008AC93901}"
EndProject
Project("{FAE04EC0-301F-11D3-BF4B-00C04F79EFBC}") = "Carbon.Platform.Management.Tests", "Carbon.Platform.Management.Tests\Carbon.Platform.Management.Tests.csproj", "{B07D3A67-2232-4188-BAB9-31772126747D}"
EndProject
Project("{9A19103F-16F7-4668-BE54-9A1E7A4F7556}") = "Carbon.Platform.Configuration", "Carbon.Platform.Configuration\Carbon.Platform.Configuration.csproj", "{BFDA07BF-0E90-4F41-A410-66FDCF5FD1BF}"
EndProject
Global
	GlobalSection(SolutionConfigurationPlatforms) = preSolution
		Debug|Any CPU = Debug|Any CPU
		Release|Any CPU = Release|Any CPU
	EndGlobalSection
	GlobalSection(ProjectConfigurationPlatforms) = postSolution
		{5B83C75D-FBC9-4883-9534-CC99AE2130A3}.Debug|Any CPU.ActiveCfg = Debug|Any CPU
		{5B83C75D-FBC9-4883-9534-CC99AE2130A3}.Debug|Any CPU.Build.0 = Debug|Any CPU
		{5B83C75D-FBC9-4883-9534-CC99AE2130A3}.Release|Any CPU.ActiveCfg = Release|Any CPU
		{5B83C75D-FBC9-4883-9534-CC99AE2130A3}.Release|Any CPU.Build.0 = Release|Any CPU
		{2366C4FC-2B6F-4E83-B0A5-3B165353FA80}.Debug|Any CPU.ActiveCfg = Debug|Any CPU
		{2366C4FC-2B6F-4E83-B0A5-3B165353FA80}.Debug|Any CPU.Build.0 = Debug|Any CPU
		{2366C4FC-2B6F-4E83-B0A5-3B165353FA80}.Release|Any CPU.ActiveCfg = Release|Any CPU
		{2366C4FC-2B6F-4E83-B0A5-3B165353FA80}.Release|Any CPU.Build.0 = Release|Any CPU
		{622B7F30-EA1D-449F-B868-31EC3F7609DC}.Debug|Any CPU.ActiveCfg = Debug|Any CPU
		{622B7F30-EA1D-449F-B868-31EC3F7609DC}.Debug|Any CPU.Build.0 = Debug|Any CPU
		{622B7F30-EA1D-449F-B868-31EC3F7609DC}.Release|Any CPU.ActiveCfg = Release|Any CPU
		{622B7F30-EA1D-449F-B868-31EC3F7609DC}.Release|Any CPU.Build.0 = Release|Any CPU
		{DE758587-8A23-47B8-B3E5-7852BADC3FAF}.Debug|Any CPU.ActiveCfg = Debug|Any CPU
		{DE758587-8A23-47B8-B3E5-7852BADC3FAF}.Debug|Any CPU.Build.0 = Debug|Any CPU
		{DE758587-8A23-47B8-B3E5-7852BADC3FAF}.Release|Any CPU.ActiveCfg = Release|Any CPU
		{DE758587-8A23-47B8-B3E5-7852BADC3FAF}.Release|Any CPU.Build.0 = Release|Any CPU
		{79F64862-6741-42CF-9622-238784E1C67C}.Debug|Any CPU.ActiveCfg = Debug|Any CPU
		{79F64862-6741-42CF-9622-238784E1C67C}.Debug|Any CPU.Build.0 = Debug|Any CPU
		{79F64862-6741-42CF-9622-238784E1C67C}.Release|Any CPU.ActiveCfg = Release|Any CPU
		{79F64862-6741-42CF-9622-238784E1C67C}.Release|Any CPU.Build.0 = Release|Any CPU
		{055D15B9-39B0-43C3-B4F0-9B7B52DD754A}.Debug|Any CPU.ActiveCfg = Debug|Any CPU
		{055D15B9-39B0-43C3-B4F0-9B7B52DD754A}.Debug|Any CPU.Build.0 = Debug|Any CPU
		{055D15B9-39B0-43C3-B4F0-9B7B52DD754A}.Release|Any CPU.ActiveCfg = Release|Any CPU
		{055D15B9-39B0-43C3-B4F0-9B7B52DD754A}.Release|Any CPU.Build.0 = Release|Any CPU
		{269A6B8A-FA9A-45E2-8C18-D7146204E5F3}.Debug|Any CPU.ActiveCfg = Debug|Any CPU
		{269A6B8A-FA9A-45E2-8C18-D7146204E5F3}.Debug|Any CPU.Build.0 = Debug|Any CPU
		{269A6B8A-FA9A-45E2-8C18-D7146204E5F3}.Release|Any CPU.ActiveCfg = Release|Any CPU
		{269A6B8A-FA9A-45E2-8C18-D7146204E5F3}.Release|Any CPU.Build.0 = Release|Any CPU
		{72B7B485-B88C-4C00-B882-CB9CFCA9FB58}.Debug|Any CPU.ActiveCfg = Debug|Any CPU
		{72B7B485-B88C-4C00-B882-CB9CFCA9FB58}.Debug|Any CPU.Build.0 = Debug|Any CPU
		{72B7B485-B88C-4C00-B882-CB9CFCA9FB58}.Release|Any CPU.ActiveCfg = Release|Any CPU
		{72B7B485-B88C-4C00-B882-CB9CFCA9FB58}.Release|Any CPU.Build.0 = Release|Any CPU
		{7ACCF84D-00F6-45F2-BF39-862B733D8D04}.Debug|Any CPU.ActiveCfg = Debug|Any CPU
		{7ACCF84D-00F6-45F2-BF39-862B733D8D04}.Debug|Any CPU.Build.0 = Debug|Any CPU
		{7ACCF84D-00F6-45F2-BF39-862B733D8D04}.Release|Any CPU.ActiveCfg = Release|Any CPU
		{7ACCF84D-00F6-45F2-BF39-862B733D8D04}.Release|Any CPU.Build.0 = Release|Any CPU
		{535A6E9E-F824-4EDF-BD46-F3658A7EAD7C}.Debug|Any CPU.ActiveCfg = Debug|Any CPU
		{535A6E9E-F824-4EDF-BD46-F3658A7EAD7C}.Debug|Any CPU.Build.0 = Debug|Any CPU
		{535A6E9E-F824-4EDF-BD46-F3658A7EAD7C}.Release|Any CPU.ActiveCfg = Release|Any CPU
		{535A6E9E-F824-4EDF-BD46-F3658A7EAD7C}.Release|Any CPU.Build.0 = Release|Any CPU
		{0E5732C5-7D9C-4639-8E4C-CFF9219FB1DA}.Debug|Any CPU.ActiveCfg = Debug|Any CPU
		{0E5732C5-7D9C-4639-8E4C-CFF9219FB1DA}.Debug|Any CPU.Build.0 = Debug|Any CPU
		{0E5732C5-7D9C-4639-8E4C-CFF9219FB1DA}.Release|Any CPU.ActiveCfg = Release|Any CPU
		{0E5732C5-7D9C-4639-8E4C-CFF9219FB1DA}.Release|Any CPU.Build.0 = Release|Any CPU
		{A20E4CD7-F98F-4E70-AE47-E987EC2A9ACE}.Debug|Any CPU.ActiveCfg = Debug|Any CPU
		{A20E4CD7-F98F-4E70-AE47-E987EC2A9ACE}.Debug|Any CPU.Build.0 = Debug|Any CPU
		{A20E4CD7-F98F-4E70-AE47-E987EC2A9ACE}.Release|Any CPU.ActiveCfg = Release|Any CPU
		{A20E4CD7-F98F-4E70-AE47-E987EC2A9ACE}.Release|Any CPU.Build.0 = Release|Any CPU
		{DE112AF7-08D3-496D-9608-A4F2FB8E3983}.Debug|Any CPU.ActiveCfg = Debug|Any CPU
		{DE112AF7-08D3-496D-9608-A4F2FB8E3983}.Debug|Any CPU.Build.0 = Debug|Any CPU
		{DE112AF7-08D3-496D-9608-A4F2FB8E3983}.Release|Any CPU.ActiveCfg = Release|Any CPU
		{DE112AF7-08D3-496D-9608-A4F2FB8E3983}.Release|Any CPU.Build.0 = Release|Any CPU
		{3606FD9A-04B0-4F5B-8B4D-403E14A02356}.Debug|Any CPU.ActiveCfg = Debug|Any CPU
		{3606FD9A-04B0-4F5B-8B4D-403E14A02356}.Debug|Any CPU.Build.0 = Debug|Any CPU
		{3606FD9A-04B0-4F5B-8B4D-403E14A02356}.Release|Any CPU.ActiveCfg = Release|Any CPU
		{3606FD9A-04B0-4F5B-8B4D-403E14A02356}.Release|Any CPU.Build.0 = Release|Any CPU
		{1305246B-0D96-4D49-8399-F227C283E593}.Debug|Any CPU.ActiveCfg = Debug|Any CPU
		{1305246B-0D96-4D49-8399-F227C283E593}.Debug|Any CPU.Build.0 = Debug|Any CPU
		{1305246B-0D96-4D49-8399-F227C283E593}.Release|Any CPU.ActiveCfg = Release|Any CPU
		{1305246B-0D96-4D49-8399-F227C283E593}.Release|Any CPU.Build.0 = Release|Any CPU
		{3459D378-5CC9-4D4B-98F5-32D9AB939F0E}.Debug|Any CPU.ActiveCfg = Debug|Any CPU
		{3459D378-5CC9-4D4B-98F5-32D9AB939F0E}.Debug|Any CPU.Build.0 = Debug|Any CPU
		{3459D378-5CC9-4D4B-98F5-32D9AB939F0E}.Release|Any CPU.ActiveCfg = Release|Any CPU
		{3459D378-5CC9-4D4B-98F5-32D9AB939F0E}.Release|Any CPU.Build.0 = Release|Any CPU
		{22CF8859-D806-48DD-862A-0341B9E867A1}.Debug|Any CPU.ActiveCfg = Debug|Any CPU
		{22CF8859-D806-48DD-862A-0341B9E867A1}.Debug|Any CPU.Build.0 = Debug|Any CPU
		{22CF8859-D806-48DD-862A-0341B9E867A1}.Release|Any CPU.ActiveCfg = Release|Any CPU
		{22CF8859-D806-48DD-862A-0341B9E867A1}.Release|Any CPU.Build.0 = Release|Any CPU
		{805714AC-EF16-4457-8742-5BDD95F13AA6}.Debug|Any CPU.ActiveCfg = Debug|Any CPU
		{805714AC-EF16-4457-8742-5BDD95F13AA6}.Debug|Any CPU.Build.0 = Debug|Any CPU
		{805714AC-EF16-4457-8742-5BDD95F13AA6}.Release|Any CPU.ActiveCfg = Release|Any CPU
		{805714AC-EF16-4457-8742-5BDD95F13AA6}.Release|Any CPU.Build.0 = Release|Any CPU
		{8FB4E649-F1EF-4D05-8A84-47768EB5CBF1}.Debug|Any CPU.ActiveCfg = Debug|Any CPU
		{8FB4E649-F1EF-4D05-8A84-47768EB5CBF1}.Debug|Any CPU.Build.0 = Debug|Any CPU
		{8FB4E649-F1EF-4D05-8A84-47768EB5CBF1}.Release|Any CPU.ActiveCfg = Release|Any CPU
		{8FB4E649-F1EF-4D05-8A84-47768EB5CBF1}.Release|Any CPU.Build.0 = Release|Any CPU
		{D4AE69C8-63BD-4428-B82E-C1E56AB40395}.Debug|Any CPU.ActiveCfg = Debug|Any CPU
		{D4AE69C8-63BD-4428-B82E-C1E56AB40395}.Debug|Any CPU.Build.0 = Debug|Any CPU
		{D4AE69C8-63BD-4428-B82E-C1E56AB40395}.Release|Any CPU.ActiveCfg = Release|Any CPU
		{D4AE69C8-63BD-4428-B82E-C1E56AB40395}.Release|Any CPU.Build.0 = Release|Any CPU
		{2D3871A0-AB98-41C8-88FF-7CC52E9A15B6}.Debug|Any CPU.ActiveCfg = Debug|Any CPU
		{2D3871A0-AB98-41C8-88FF-7CC52E9A15B6}.Debug|Any CPU.Build.0 = Debug|Any CPU
		{2D3871A0-AB98-41C8-88FF-7CC52E9A15B6}.Release|Any CPU.ActiveCfg = Release|Any CPU
		{2D3871A0-AB98-41C8-88FF-7CC52E9A15B6}.Release|Any CPU.Build.0 = Release|Any CPU
		{7C1E1A92-E8A4-4C61-B67C-B9D8679A39E1}.Debug|Any CPU.ActiveCfg = Debug|Any CPU
		{7C1E1A92-E8A4-4C61-B67C-B9D8679A39E1}.Debug|Any CPU.Build.0 = Debug|Any CPU
		{7C1E1A92-E8A4-4C61-B67C-B9D8679A39E1}.Release|Any CPU.ActiveCfg = Release|Any CPU
		{7C1E1A92-E8A4-4C61-B67C-B9D8679A39E1}.Release|Any CPU.Build.0 = Release|Any CPU
		{7207F3CE-8D2C-438C-8383-32BAA80AC67C}.Debug|Any CPU.ActiveCfg = Debug|Any CPU
		{7207F3CE-8D2C-438C-8383-32BAA80AC67C}.Debug|Any CPU.Build.0 = Debug|Any CPU
		{7207F3CE-8D2C-438C-8383-32BAA80AC67C}.Release|Any CPU.ActiveCfg = Release|Any CPU
		{7207F3CE-8D2C-438C-8383-32BAA80AC67C}.Release|Any CPU.Build.0 = Release|Any CPU
		{D596152A-8D53-4B18-A21E-F8A5DC35AF1A}.Debug|Any CPU.ActiveCfg = Debug|Any CPU
		{D596152A-8D53-4B18-A21E-F8A5DC35AF1A}.Debug|Any CPU.Build.0 = Debug|Any CPU
		{D596152A-8D53-4B18-A21E-F8A5DC35AF1A}.Release|Any CPU.ActiveCfg = Release|Any CPU
		{D596152A-8D53-4B18-A21E-F8A5DC35AF1A}.Release|Any CPU.Build.0 = Release|Any CPU
		{107480D6-23B1-4B2B-B615-10B3A4271EB7}.Debug|Any CPU.ActiveCfg = Debug|Any CPU
		{107480D6-23B1-4B2B-B615-10B3A4271EB7}.Debug|Any CPU.Build.0 = Debug|Any CPU
		{107480D6-23B1-4B2B-B615-10B3A4271EB7}.Release|Any CPU.ActiveCfg = Release|Any CPU
		{107480D6-23B1-4B2B-B615-10B3A4271EB7}.Release|Any CPU.Build.0 = Release|Any CPU
		{BF8C82B7-E2B7-445D-9FE3-CB19FE13B0EC}.Debug|Any CPU.ActiveCfg = Debug|Any CPU
		{BF8C82B7-E2B7-445D-9FE3-CB19FE13B0EC}.Debug|Any CPU.Build.0 = Debug|Any CPU
		{BF8C82B7-E2B7-445D-9FE3-CB19FE13B0EC}.Release|Any CPU.ActiveCfg = Release|Any CPU
		{BF8C82B7-E2B7-445D-9FE3-CB19FE13B0EC}.Release|Any CPU.Build.0 = Release|Any CPU
		{8225C494-F88D-424D-B4B0-14008AC93901}.Debug|Any CPU.ActiveCfg = Debug|Any CPU
		{8225C494-F88D-424D-B4B0-14008AC93901}.Debug|Any CPU.Build.0 = Debug|Any CPU
		{8225C494-F88D-424D-B4B0-14008AC93901}.Release|Any CPU.ActiveCfg = Release|Any CPU
		{8225C494-F88D-424D-B4B0-14008AC93901}.Release|Any CPU.Build.0 = Release|Any CPU
		{B07D3A67-2232-4188-BAB9-31772126747D}.Debug|Any CPU.ActiveCfg = Debug|Any CPU
		{B07D3A67-2232-4188-BAB9-31772126747D}.Debug|Any CPU.Build.0 = Debug|Any CPU
		{B07D3A67-2232-4188-BAB9-31772126747D}.Release|Any CPU.ActiveCfg = Release|Any CPU
		{B07D3A67-2232-4188-BAB9-31772126747D}.Release|Any CPU.Build.0 = Release|Any CPU
		{BFDA07BF-0E90-4F41-A410-66FDCF5FD1BF}.Debug|Any CPU.ActiveCfg = Debug|Any CPU
		{BFDA07BF-0E90-4F41-A410-66FDCF5FD1BF}.Debug|Any CPU.Build.0 = Debug|Any CPU
		{BFDA07BF-0E90-4F41-A410-66FDCF5FD1BF}.Release|Any CPU.ActiveCfg = Release|Any CPU
		{BFDA07BF-0E90-4F41-A410-66FDCF5FD1BF}.Release|Any CPU.Build.0 = Release|Any CPU
	EndGlobalSection
	GlobalSection(SolutionProperties) = preSolution
		HideSolutionNode = FALSE
	EndGlobalSection
	GlobalSection(NestedProjects) = preSolution
		{622B7F30-EA1D-449F-B868-31EC3F7609DC} = {99657337-0EDE-4049-B666-2D0A679E1FE2}
		{055D15B9-39B0-43C3-B4F0-9B7B52DD754A} = {99657337-0EDE-4049-B666-2D0A679E1FE2}
		{7ACCF84D-00F6-45F2-BF39-862B733D8D04} = {DAC43875-7B0B-4536-8FF7-D643C6562B7A}
		{535A6E9E-F824-4EDF-BD46-F3658A7EAD7C} = {DAC43875-7B0B-4536-8FF7-D643C6562B7A}
		{DE112AF7-08D3-496D-9608-A4F2FB8E3983} = {99657337-0EDE-4049-B666-2D0A679E1FE2}
		{3459D378-5CC9-4D4B-98F5-32D9AB939F0E} = {99657337-0EDE-4049-B666-2D0A679E1FE2}
		{805714AC-EF16-4457-8742-5BDD95F13AA6} = {99657337-0EDE-4049-B666-2D0A679E1FE2}
		{2D3871A0-AB98-41C8-88FF-7CC52E9A15B6} = {99657337-0EDE-4049-B666-2D0A679E1FE2}
		{7C1E1A92-E8A4-4C61-B67C-B9D8679A39E1} = {99657337-0EDE-4049-B666-2D0A679E1FE2}
		{B07D3A67-2232-4188-BAB9-31772126747D} = {99657337-0EDE-4049-B666-2D0A679E1FE2}
	EndGlobalSection
EndGlobal
