
Microsoft Visual Studio Solution File, Format Version 12.00
# Visual Studio 14
VisualStudioVersion = 14.0.25420.1
MinimumVisualStudioVersion = 10.0.40219.1
Project("{FAE04EC0-301F-11D3-BF4B-00C04F79EFBC}") = "Carbon.Hosting.IIS", "Carbon.Hosting.IIS\Carbon.Hosting.IIS.csproj", "{5B83C75D-FBC9-4883-9534-CC99AE2130A3}"
EndProject
Project("{8BB2217D-0F2D-49D1-97BC-3654ED321F3B}") = "Carbon.Platform", "Carbon.Platform\Carbon.Platform.xproj", "{2366C4FC-2B6F-4E83-B0A5-3B165353FA80}"
EndProject
Project("{2150E333-8FDC-42A3-9474-1A3956D46DE8}") = "Tests", "Tests", "{99657337-0EDE-4049-B666-2D0A679E1FE2}"
EndProject
Project("{8BB2217D-0F2D-49D1-97BC-3654ED321F3B}") = "Carbon.Packaging.Tests", "Carbon.Packaging.Tests\Carbon.Packaging.Tests.xproj", "{622B7F30-EA1D-449F-B868-31EC3F7609DC}"
EndProject
Project("{8BB2217D-0F2D-49D1-97BC-3654ED321F3B}") = "Carbon.Hosting", "Carbon.Hosting\Carbon.Hosting.xproj", "{DE758587-8A23-47B8-B3E5-7852BADC3FAF}"
EndProject
Project("{8BB2217D-0F2D-49D1-97BC-3654ED321F3B}") = "Carbon.Platform.Services", "Carbon.Platform.Services\Carbon.Platform.Services.xproj", "{79F64862-6741-42CF-9622-238784E1C67C}"
EndProject
Project("{8BB2217D-0F2D-49D1-97BC-3654ED321F3B}") = "Carbon.Platform.Tests", "Carbon.Platform.Tests\Carbon.Platform.Tests.xproj", "{055D15B9-39B0-43C3-B4F0-9B7B52DD754A}"
EndProject
Project("{8BB2217D-0F2D-49D1-97BC-3654ED321F3B}") = "Carbon.Supervisor", "Carbon.Supervisor\Carbon.Supervisor.xproj", "{AEC83840-9DB6-40ED-B519-D4B93D9197F4}"
EndProject
Project("{8BB2217D-0F2D-49D1-97BC-3654ED321F3B}") = "Carbon.Git", "Carbon.Git\Carbon.Git.xproj", "{E181FD94-7DB4-4923-A0C8-53314D543628}"
EndProject
Project("{8BB2217D-0F2D-49D1-97BC-3654ED321F3B}") = "Carbon.Building", "Carbon.Building\Carbon.Building.xproj", "{269A6B8A-FA9A-45E2-8C18-D7146204E5F3}"
EndProject
Project("{8BB2217D-0F2D-49D1-97BC-3654ED321F3B}") = "Carbon.Building.Web", "Carbon.Building.Web\Carbon.Building.Web.xproj", "{72B7B485-B88C-4C00-B882-CB9CFCA9FB58}"
EndProject
Project("{8BB2217D-0F2D-49D1-97BC-3654ED321F3B}") = "Carbon.Platform.Extensions", "Carbon.Platform.Extensions\Carbon.Platform.Extensions.xproj", "{3C4B4944-97CA-46EE-B319-798BE1D77FBB}"
EndProject
Project("{8BB2217D-0F2D-49D1-97BC-3654ED321F3B}") = "Carbon.Deployment", "Carbon.Deployment\Carbon.Deployment.xproj", "{0DAF4CF8-A0B3-4E7E-8EDF-739C93C49852}"
EndProject
Project("{8BB2217D-0F2D-49D1-97BC-3654ED321F3B}") = "GitHub", "GitHub\GitHub.xproj", "{7ACCF84D-00F6-45F2-BF39-862B733D8D04}"
EndProject
Project("{8BB2217D-0F2D-49D1-97BC-3654ED321F3B}") = "Bitbucket", "Bitbucket\Bitbucket.xproj", "{535A6E9E-F824-4EDF-BD46-F3658A7EAD7C}"
EndProject
Project("{2150E333-8FDC-42A3-9474-1A3956D46DE8}") = "Git", "Git", "{DAC43875-7B0B-4536-8FF7-D643C6562B7A}"
EndProject
Project("{2150E333-8FDC-42A3-9474-1A3956D46DE8}") = "Legacy", "Legacy", "{3D8E22F9-6465-4993-BC9C-414B185E5155}"
EndProject
Project("{FAE04EC0-301F-11D3-BF4B-00C04F79EFBC}") = "Carbon.Frontends", "..\Carbon.Platform.Frontends\Carbon.Frontends.csproj", "{B08FD5DB-B380-405C-BF16-CD0ADA19959E}"
EndProject
Project("{8BB2217D-0F2D-49D1-97BC-3654ED321F3B}") = "Carbon.Packaging", "Carbon.Packaging\Carbon.Packaging.xproj", "{0E5732C5-7D9C-4639-8E4C-CFF9219FB1DA}"
EndProject
Project("{8BB2217D-0F2D-49D1-97BC-3654ED321F3B}") = "Carbon.Libraries", "Carbon.Libraries\Carbon.Libraries.xproj", "{066E94F2-4D1E-4838-9A08-403EA8CA5F0D}"
EndProject
Project("{8BB2217D-0F2D-49D1-97BC-3654ED321F3B}") = "Carbon.Platform.Containers", "Carbon.Platform.Containers\Carbon.Platform.Containers.xproj", "{6B94D1A9-5783-4526-AF78-5E7710A4D813}"
EndProject
Project("{8BB2217D-0F2D-49D1-97BC-3654ED321F3B}") = "Carbon.Platform.Runtime", "Carbon.Platform.Runtime\Carbon.Platform.Runtime.xproj", "{D7F11D5C-576C-4F3A-9F1F-36A2D482981E}"
EndProject
Project("{8BB2217D-0F2D-49D1-97BC-3654ED321F3B}") = "Carbon.Platform.Client", "Carbon.Platform.Client\Carbon.Platform.Client.xproj", "{A20E4CD7-F98F-4E70-AE47-E987EC2A9ACE}"
EndProject
Project("{8BB2217D-0F2D-49D1-97BC-3654ED321F3B}") = "Carbon.Platform.Client.Tests", "Carbon.Platform.Client.Tests\Carbon.Platform.Client.Tests.xproj", "{15498D8B-5129-4DCB-B573-D869A390A4F2}"
EndProject
Global
	GlobalSection(SolutionConfigurationPlatforms) = preSolution
		Debug|Any CPU = Debug|Any CPU
		Release|Any CPU = Release|Any CPU
	EndGlobalSection
	GlobalSection(ProjectConfigurationPlatforms) = postSolution
		{5B83C75D-FBC9-4883-9534-CC99AE2130A3}.Debug|Any CPU.ActiveCfg = Debug|Any CPU
		{5B83C75D-FBC9-4883-9534-CC99AE2130A3}.Debug|Any CPU.Build.0 = Debug|Any CPU
		{5B83C75D-FBC9-4883-9534-CC99AE2130A3}.Release|Any CPU.ActiveCfg = Release|Any CPU
		{5B83C75D-FBC9-4883-9534-CC99AE2130A3}.Release|Any CPU.Build.0 = Release|Any CPU
		{2366C4FC-2B6F-4E83-B0A5-3B165353FA80}.Debug|Any CPU.ActiveCfg = Debug|Any CPU
		{2366C4FC-2B6F-4E83-B0A5-3B165353FA80}.Debug|Any CPU.Build.0 = Debug|Any CPU
		{2366C4FC-2B6F-4E83-B0A5-3B165353FA80}.Release|Any CPU.ActiveCfg = Release|Any CPU
		{2366C4FC-2B6F-4E83-B0A5-3B165353FA80}.Release|Any CPU.Build.0 = Release|Any CPU
		{622B7F30-EA1D-449F-B868-31EC3F7609DC}.Debug|Any CPU.ActiveCfg = Debug|Any CPU
		{622B7F30-EA1D-449F-B868-31EC3F7609DC}.Debug|Any CPU.Build.0 = Debug|Any CPU
		{622B7F30-EA1D-449F-B868-31EC3F7609DC}.Release|Any CPU.ActiveCfg = Release|Any CPU
		{622B7F30-EA1D-449F-B868-31EC3F7609DC}.Release|Any CPU.Build.0 = Release|Any CPU
		{DE758587-8A23-47B8-B3E5-7852BADC3FAF}.Debug|Any CPU.ActiveCfg = Debug|Any CPU
		{DE758587-8A23-47B8-B3E5-7852BADC3FAF}.Debug|Any CPU.Build.0 = Debug|Any CPU
		{DE758587-8A23-47B8-B3E5-7852BADC3FAF}.Release|Any CPU.ActiveCfg = Release|Any CPU
		{DE758587-8A23-47B8-B3E5-7852BADC3FAF}.Release|Any CPU.Build.0 = Release|Any CPU
		{79F64862-6741-42CF-9622-238784E1C67C}.Debug|Any CPU.ActiveCfg = Debug|Any CPU
		{79F64862-6741-42CF-9622-238784E1C67C}.Debug|Any CPU.Build.0 = Debug|Any CPU
		{79F64862-6741-42CF-9622-238784E1C67C}.Release|Any CPU.ActiveCfg = Release|Any CPU
		{79F64862-6741-42CF-9622-238784E1C67C}.Release|Any CPU.Build.0 = Release|Any CPU
		{055D15B9-39B0-43C3-B4F0-9B7B52DD754A}.Debug|Any CPU.ActiveCfg = Debug|Any CPU
		{055D15B9-39B0-43C3-B4F0-9B7B52DD754A}.Debug|Any CPU.Build.0 = Debug|Any CPU
		{055D15B9-39B0-43C3-B4F0-9B7B52DD754A}.Release|Any CPU.ActiveCfg = Release|Any CPU
		{055D15B9-39B0-43C3-B4F0-9B7B52DD754A}.Release|Any CPU.Build.0 = Release|Any CPU
		{AEC83840-9DB6-40ED-B519-D4B93D9197F4}.Debug|Any CPU.ActiveCfg = Debug|Any CPU
		{AEC83840-9DB6-40ED-B519-D4B93D9197F4}.Debug|Any CPU.Build.0 = Debug|Any CPU
		{AEC83840-9DB6-40ED-B519-D4B93D9197F4}.Release|Any CPU.ActiveCfg = Release|Any CPU
		{AEC83840-9DB6-40ED-B519-D4B93D9197F4}.Release|Any CPU.Build.0 = Release|Any CPU
		{E181FD94-7DB4-4923-A0C8-53314D543628}.Debug|Any CPU.ActiveCfg = Debug|Any CPU
		{E181FD94-7DB4-4923-A0C8-53314D543628}.Debug|Any CPU.Build.0 = Debug|Any CPU
		{E181FD94-7DB4-4923-A0C8-53314D543628}.Release|Any CPU.ActiveCfg = Release|Any CPU
		{E181FD94-7DB4-4923-A0C8-53314D543628}.Release|Any CPU.Build.0 = Release|Any CPU
		{269A6B8A-FA9A-45E2-8C18-D7146204E5F3}.Debug|Any CPU.ActiveCfg = Debug|Any CPU
		{269A6B8A-FA9A-45E2-8C18-D7146204E5F3}.Debug|Any CPU.Build.0 = Debug|Any CPU
		{269A6B8A-FA9A-45E2-8C18-D7146204E5F3}.Release|Any CPU.ActiveCfg = Release|Any CPU
		{269A6B8A-FA9A-45E2-8C18-D7146204E5F3}.Release|Any CPU.Build.0 = Release|Any CPU
		{72B7B485-B88C-4C00-B882-CB9CFCA9FB58}.Debug|Any CPU.ActiveCfg = Debug|Any CPU
		{72B7B485-B88C-4C00-B882-CB9CFCA9FB58}.Debug|Any CPU.Build.0 = Debug|Any CPU
		{72B7B485-B88C-4C00-B882-CB9CFCA9FB58}.Release|Any CPU.ActiveCfg = Release|Any CPU
		{72B7B485-B88C-4C00-B882-CB9CFCA9FB58}.Release|Any CPU.Build.0 = Release|Any CPU
		{3C4B4944-97CA-46EE-B319-798BE1D77FBB}.Debug|Any CPU.ActiveCfg = Debug|Any CPU
		{3C4B4944-97CA-46EE-B319-798BE1D77FBB}.Debug|Any CPU.Build.0 = Debug|Any CPU
		{3C4B4944-97CA-46EE-B319-798BE1D77FBB}.Release|Any CPU.ActiveCfg = Release|Any CPU
		{3C4B4944-97CA-46EE-B319-798BE1D77FBB}.Release|Any CPU.Build.0 = Release|Any CPU
		{0DAF4CF8-A0B3-4E7E-8EDF-739C93C49852}.Debug|Any CPU.ActiveCfg = Debug|Any CPU
		{0DAF4CF8-A0B3-4E7E-8EDF-739C93C49852}.Debug|Any CPU.Build.0 = Debug|Any CPU
		{0DAF4CF8-A0B3-4E7E-8EDF-739C93C49852}.Release|Any CPU.ActiveCfg = Release|Any CPU
		{0DAF4CF8-A0B3-4E7E-8EDF-739C93C49852}.Release|Any CPU.Build.0 = Release|Any CPU
		{7ACCF84D-00F6-45F2-BF39-862B733D8D04}.Debug|Any CPU.ActiveCfg = Debug|Any CPU
		{7ACCF84D-00F6-45F2-BF39-862B733D8D04}.Debug|Any CPU.Build.0 = Debug|Any CPU
		{7ACCF84D-00F6-45F2-BF39-862B733D8D04}.Release|Any CPU.ActiveCfg = Release|Any CPU
		{7ACCF84D-00F6-45F2-BF39-862B733D8D04}.Release|Any CPU.Build.0 = Release|Any CPU
		{535A6E9E-F824-4EDF-BD46-F3658A7EAD7C}.Debug|Any CPU.ActiveCfg = Debug|Any CPU
		{535A6E9E-F824-4EDF-BD46-F3658A7EAD7C}.Debug|Any CPU.Build.0 = Debug|Any CPU
		{535A6E9E-F824-4EDF-BD46-F3658A7EAD7C}.Release|Any CPU.ActiveCfg = Release|Any CPU
		{535A6E9E-F824-4EDF-BD46-F3658A7EAD7C}.Release|Any CPU.Build.0 = Release|Any CPU
		{B08FD5DB-B380-405C-BF16-CD0ADA19959E}.Debug|Any CPU.ActiveCfg = Debug|Any CPU
		{B08FD5DB-B380-405C-BF16-CD0ADA19959E}.Debug|Any CPU.Build.0 = Debug|Any CPU
		{B08FD5DB-B380-405C-BF16-CD0ADA19959E}.Release|Any CPU.ActiveCfg = Release|Any CPU
		{B08FD5DB-B380-405C-BF16-CD0ADA19959E}.Release|Any CPU.Build.0 = Release|Any CPU
		{0E5732C5-7D9C-4639-8E4C-CFF9219FB1DA}.Debug|Any CPU.ActiveCfg = Debug|Any CPU
		{0E5732C5-7D9C-4639-8E4C-CFF9219FB1DA}.Debug|Any CPU.Build.0 = Debug|Any CPU
		{0E5732C5-7D9C-4639-8E4C-CFF9219FB1DA}.Release|Any CPU.ActiveCfg = Release|Any CPU
		{0E5732C5-7D9C-4639-8E4C-CFF9219FB1DA}.Release|Any CPU.Build.0 = Release|Any CPU
		{066E94F2-4D1E-4838-9A08-403EA8CA5F0D}.Debug|Any CPU.ActiveCfg = Debug|Any CPU
		{066E94F2-4D1E-4838-9A08-403EA8CA5F0D}.Debug|Any CPU.Build.0 = Debug|Any CPU
		{066E94F2-4D1E-4838-9A08-403EA8CA5F0D}.Release|Any CPU.ActiveCfg = Release|Any CPU
		{066E94F2-4D1E-4838-9A08-403EA8CA5F0D}.Release|Any CPU.Build.0 = Release|Any CPU
		{6B94D1A9-5783-4526-AF78-5E7710A4D813}.Debug|Any CPU.ActiveCfg = Debug|Any CPU
		{6B94D1A9-5783-4526-AF78-5E7710A4D813}.Debug|Any CPU.Build.0 = Debug|Any CPU
		{6B94D1A9-5783-4526-AF78-5E7710A4D813}.Release|Any CPU.ActiveCfg = Release|Any CPU
		{6B94D1A9-5783-4526-AF78-5E7710A4D813}.Release|Any CPU.Build.0 = Release|Any CPU
		{D7F11D5C-576C-4F3A-9F1F-36A2D482981E}.Debug|Any CPU.ActiveCfg = Debug|Any CPU
		{D7F11D5C-576C-4F3A-9F1F-36A2D482981E}.Debug|Any CPU.Build.0 = Debug|Any CPU
		{D7F11D5C-576C-4F3A-9F1F-36A2D482981E}.Release|Any CPU.ActiveCfg = Release|Any CPU
		{D7F11D5C-576C-4F3A-9F1F-36A2D482981E}.Release|Any CPU.Build.0 = Release|Any CPU
		{A20E4CD7-F98F-4E70-AE47-E987EC2A9ACE}.Debug|Any CPU.ActiveCfg = Debug|Any CPU
		{A20E4CD7-F98F-4E70-AE47-E987EC2A9ACE}.Debug|Any CPU.Build.0 = Debug|Any CPU
		{A20E4CD7-F98F-4E70-AE47-E987EC2A9ACE}.Release|Any CPU.ActiveCfg = Release|Any CPU
		{A20E4CD7-F98F-4E70-AE47-E987EC2A9ACE}.Release|Any CPU.Build.0 = Release|Any CPU
		{15498D8B-5129-4DCB-B573-D869A390A4F2}.Debug|Any CPU.ActiveCfg = Debug|Any CPU
		{15498D8B-5129-4DCB-B573-D869A390A4F2}.Debug|Any CPU.Build.0 = Debug|Any CPU
		{15498D8B-5129-4DCB-B573-D869A390A4F2}.Release|Any CPU.ActiveCfg = Release|Any CPU
		{15498D8B-5129-4DCB-B573-D869A390A4F2}.Release|Any CPU.Build.0 = Release|Any CPU
	EndGlobalSection
	GlobalSection(SolutionProperties) = preSolution
		HideSolutionNode = FALSE
	EndGlobalSection
	GlobalSection(NestedProjects) = preSolution
		{622B7F30-EA1D-449F-B868-31EC3F7609DC} = {99657337-0EDE-4049-B666-2D0A679E1FE2}
		{055D15B9-39B0-43C3-B4F0-9B7B52DD754A} = {99657337-0EDE-4049-B666-2D0A679E1FE2}
		{E181FD94-7DB4-4923-A0C8-53314D543628} = {DAC43875-7B0B-4536-8FF7-D643C6562B7A}
		{7ACCF84D-00F6-45F2-BF39-862B733D8D04} = {DAC43875-7B0B-4536-8FF7-D643C6562B7A}
		{535A6E9E-F824-4EDF-BD46-F3658A7EAD7C} = {DAC43875-7B0B-4536-8FF7-D643C6562B7A}
		{B08FD5DB-B380-405C-BF16-CD0ADA19959E} = {3D8E22F9-6465-4993-BC9C-414B185E5155}
		{15498D8B-5129-4DCB-B573-D869A390A4F2} = {99657337-0EDE-4049-B666-2D0A679E1FE2}
	EndGlobalSection
EndGlobal
